{
  "requires": true,
  "lockfileVersion": 1,
  "dependencies": {
    "@vant/weapp": {
      "version": "1.4.1",
      "resolved": "https://registry.npmjs.org/@vant/weapp/-/weapp-1.4.1.tgz",
      "integrity": "sha512-8CWPFFkOj1HwPk0ZGU/ctQIZIMFjNyUaODrGN07ICE3I862rYa95a8SK17G8jFzf9NUJHKj00AWi7Lk5KhjEzQ=="
    }
  }
}
